# THIS IS AN AUTOGENERATED FILE. DO NOT EDIT THIS FILE DIRECTLY.
# yarn lockfile v1


"@asamuzakjp/css-color@^5.1.5":
  version "5.1.10"
  dependencies:
    "@csstools/css-calc" "^3.1.1"
    "@csstools/css-color-parser" "^4.0.2"
    "@csstools/css-parser-algorithms" "^4.0.0"
    "@csstools/css-tokenizer" "^4.0.0"

"@asamuzakjp/dom-selector@^7.0.6":
  version "7.0.9"
  dependencies:
    "@asamuzakjp/nwsapi" "^2.3.9"
    bidi-js "^1.0.3"
    css-tree "^3.2.1"
    is-potential-custom-element-name "^1.0.1"

"@asamuzakjp/nwsapi@^2.3.9":
  version "2.3.9"

"@babel/helper-string-parser@^7.27.1":
  version "7.27.1"
  resolved "https://registry.npmjs.org/@babel/helper-string-parser/-/helper-string-parser-7.27.1.tgz"
  integrity sha512-qMlSxKbpRlAridDExk92nSobyDdpPijUq2DW6oDnUqd0iOGxmQjyqhMIihI9+zv4LPyZdRje2cavWPbCbWm3eA==

"@babel/helper-validator-identifier@^7.28.5":
  version "7.28.5"
  resolved "https://registry.npmjs.org/@babel/helper-validator-identifier/-/helper-validator-identifier-7.28.5.tgz"
  integrity sha512-qSs4ifwzKJSV39ucNjsvc6WVHs6b7S03sOh2OcHF9UHfVPqWWALUsNUVzhSBiItjRZoLHx7nIarVjqKVusUZ1Q==

"@babel/parser@^7.29.0", "@babel/parser@^7.29.2":
  version "7.29.2"
  resolved "https://registry.npmjs.org/@babel/parser/-/parser-7.29.2.tgz"
  integrity sha512-4GgRzy/+fsBa72/RZVJmGKPmZu9Byn8o4MoLpmNe1m8ZfYnz5emHLQz3U4gLud6Zwl0RZIcgiLD7Uq7ySFuDLA==
  dependencies:
    "@babel/types" "^7.29.0"

"@babel/types@^7.29.0":
  version "7.29.0"
  resolved "https://registry.npmjs.org/@babel/types/-/types-7.29.0.tgz"
  integrity sha512-LwdZHpScM4Qz8Xw2iKSzS+cfglZzJGvofQICy7W7v4caru4EaAmyUuO6BGrbyQ2mYV11W0U8j5mBhd14dd3B0A==
  dependencies:
    "@babel/helper-string-parser" "^7.27.1"
    "@babel/helper-validator-identifier" "^7.28.5"

"@bcoe/v8-coverage@^1.0.2":
  version "1.0.2"

"@bramus/specificity@^2.4.2":
  version "2.4.2"
  dependencies:
    css-tree "^3.0.0"

"@csstools/color-helpers@^6.0.2":
  version "6.0.2"

"@csstools/css-calc@^3.1.1":
  version "3.1.1"

"@csstools/css-color-parser@^4.0.2":
  version "4.0.2"
  dependencies:
    "@csstools/color-helpers" "^6.0.2"
    "@csstools/css-calc" "^3.1.1"

"@csstools/css-parser-algorithms@^4.0.0":
  version "4.0.0"

"@csstools/css-syntax-patches-for-csstree@^1.1.1":
  version "1.1.2"

"@csstools/css-tokenizer@^4.0.0":
  version "4.0.0"

"@exodus/bytes@^1.11.0", "@exodus/bytes@^1.15.0", "@exodus/bytes@^1.6.0":
  version "1.15.0"

"@isaacs/cliui@^8.0.2":
  version "8.0.2"
  dependencies:
    string-width "^5.1.2"
    string-width-cjs "npm:string-width@^4.2.0"
    strip-ansi "^7.0.1"
    strip-ansi-cjs "npm:strip-ansi@^6.0.1"
    wrap-ansi "^8.1.0"
    wrap-ansi-cjs "npm:wrap-ansi@^7.0.0"

"@jridgewell/resolve-uri@^3.1.0":
  version "3.1.2"

"@jridgewell/sourcemap-codec@^1.4.14", "@jridgewell/sourcemap-codec@^1.5.5":
  version "1.5.5"
  resolved "https://registry.npmjs.org/@jridgewell/sourcemap-codec/-/sourcemap-codec-1.5.5.tgz"
  integrity sha512-cYQ9310grqxueWbl+WuIUIaiUaDcj7WOq5fVhEljNVgRfOUhY9fy2zTvfoqWsnebh8Sl70VScFbICvJnLKB0Og==

"@jridgewell/trace-mapping@^0.3.31":
  version "0.3.31"
  dependencies:
    "@jridgewell/resolve-uri" "^3.1.0"
    "@jridgewell/sourcemap-codec" "^1.4.14"

"@one-ini/wasm@0.1.1":
  version "0.1.1"

"@oxc-project/types@=0.122.0":
  version "0.122.0"
  resolved "https://registry.npmjs.org/@oxc-project/types/-/types-0.122.0.tgz"
  integrity sha512-oLAl5kBpV4w69UtFZ9xqcmTi+GENWOcPF7FCrczTiBbmC0ibXxCwyvZGbO39rCVEuLGAZM84DH0pUIyyv/YJzA==

"@pkgjs/parseargs@^0.11.0":
  version "0.11.0"

"@rolldown/binding-win32-x64-msvc@1.0.0-rc.12":
  version "1.0.0-rc.12"
  resolved "https://registry.npmjs.org/@rolldown/binding-win32-x64-msvc/-/binding-win32-x64-msvc-1.0.0-rc.12.tgz"
  integrity sha512-PyqoipaswDLAZtot351MLhrlrh6lcZPo2LSYE+VDxbVk24LVKAGOuE4hb8xZQmrPAuEtTZW8E6D2zc5EUZX4Lw==

"@rolldown/pluginutils@1.0.0-rc.12":
  version "1.0.0-rc.12"
  resolved "https://registry.npmjs.org/@rolldown/pluginutils/-/pluginutils-1.0.0-rc.12.tgz"
  integrity sha512-HHMwmarRKvoFsJorqYlFeFRzXZqCt2ETQlEDOb9aqssrnVBB1/+xgTGtuTrIk5vzLNX1MjMtTf7W9z3tsSbrxw==

"@rolldown/pluginutils@1.0.0-rc.2":
  version "1.0.0-rc.2"
  resolved "https://registry.npmjs.org/@rolldown/pluginutils/-/pluginutils-1.0.0-rc.2.tgz"
  integrity sha512-izyXV/v+cHiRfozX62W9htOAvwMo4/bXKDrQ+vom1L1qRuexPock/7VZDAhnpHCLNejd3NJ6hiab+tO0D44Rgw==

"@standard-schema/spec@^1.1.0":
  version "1.1.0"

"@types/chai@^5.2.2":
  version "5.2.3"
  dependencies:
    "@types/deep-eql" "*"
    assertion-error "^2.0.1"

"@types/deep-eql@*":
  version "4.0.2"

"@types/estree@^1.0.0":
  version "1.0.8"

"@types/node@^24.12.0":
  version "24.12.2"
  resolved "https://registry.npmjs.org/@types/node/-/node-24.12.2.tgz"
  integrity sha512-A1sre26ke7HDIuY/M23nd9gfB+nrmhtYyMINbjI1zHJxYteKR6qSMX56FsmjMcDb3SMcjJg5BiRRgOCC/yBD0g==
  dependencies:
    undici-types "~7.16.0"

"@vitejs/plugin-vue@^6.0.5":
  version "6.0.5"
  resolved "https://registry.npmjs.org/@vitejs/plugin-vue/-/plugin-vue-6.0.5.tgz"
  integrity sha512-bL3AxKuQySfk1iGcBsQnoRVexTPJq0Z/ixFVM8OhVJAP6ZXXXLtM7NFKWhLl30Kg7uTBqIaPXbh+nuQCuBDedg==
  dependencies:
    "@rolldown/pluginutils" "1.0.0-rc.2"

"@vitest/coverage-v8@^4.1.4":
  version "4.1.4"
  resolved "https://registry.npmjs.org/@vitest/coverage-v8/-/coverage-v8-4.1.4.tgz"
  integrity sha512-x7FptB5oDruxNPDNY2+S8tCh0pcq7ymCe1gTHcsp733jYjrJl8V1gMUlVysuCD9Kz46Xz9t1akkv08dPcYDs1w==
  dependencies:
    "@bcoe/v8-coverage" "^1.0.2"
    "@vitest/utils" "4.1.4"
    ast-v8-to-istanbul "^1.0.0"
    istanbul-lib-coverage "^3.2.2"
    istanbul-lib-report "^3.0.1"
    istanbul-reports "^3.2.0"
    magicast "^0.5.2"
    obug "^2.1.1"
    std-env "^4.0.0-rc.1"
    tinyrainbow "^3.1.0"

"@vitest/expect@4.1.4":
  version "4.1.4"
  dependencies:
    "@standard-schema/spec" "^1.1.0"
    "@types/chai" "^5.2.2"
    "@vitest/spy" "4.1.4"
    "@vitest/utils" "4.1.4"
    chai "^6.2.2"
    tinyrainbow "^3.1.0"

"@vitest/mocker@4.1.4":
  version "4.1.4"
  dependencies:
    "@vitest/spy" "4.1.4"
    estree-walker "^3.0.3"
    magic-string "^0.30.21"

"@vitest/pretty-format@4.1.4":
  version "4.1.4"
  dependencies:
    tinyrainbow "^3.1.0"

"@vitest/runner@4.1.4":
  version "4.1.4"
  dependencies:
    "@vitest/utils" "4.1.4"
    pathe "^2.0.3"

"@vitest/snapshot@4.1.4":
  version "4.1.4"
  dependencies:
    "@vitest/pretty-format" "4.1.4"
    "@vitest/utils" "4.1.4"
    magic-string "^0.30.21"
    pathe "^2.0.3"

"@vitest/spy@4.1.4":
  version "4.1.4"

"@vitest/utils@4.1.4":
  version "4.1.4"
  dependencies:
    "@vitest/pretty-format" "4.1.4"
    convert-source-map "^2.0.0"
    tinyrainbow "^3.1.0"

"@volar/language-core@2.4.28":
  version "2.4.28"
  resolved "https://registry.npmjs.org/@volar/language-core/-/language-core-2.4.28.tgz"
  integrity sha512-w4qhIJ8ZSitgLAkVay6AbcnC7gP3glYM3fYwKV3srj8m494E3xtrCv6E+bWviiK/8hs6e6t1ij1s2Endql7vzQ==
  dependencies:
    "@volar/source-map" "2.4.28"

"@volar/source-map@2.4.28":
  version "2.4.28"
  resolved "https://registry.npmjs.org/@volar/source-map/-/source-map-2.4.28.tgz"
  integrity sha512-yX2BDBqJkRXfKw8my8VarTyjv48QwxdJtvRgUpNE5erCsgEUdI2DsLbpa+rOQVAJYshY99szEcRDmyHbF10ggQ==

"@volar/typescript@2.4.28":
  version "2.4.28"
  resolved "https://registry.npmjs.org/@volar/typescript/-/typescript-2.4.28.tgz"
  integrity sha512-Ja6yvWrbis2QtN4ClAKreeUZPVYMARDYZl9LMEv1iQ1QdepB6wn0jTRxA9MftYmYa4DQ4k/DaSZpFPUfxl8giw==
  dependencies:
    "@volar/language-core" "2.4.28"
    path-browserify "^1.0.1"
    vscode-uri "^3.0.8"

"@vue/compiler-core@3.5.32":
  version "3.5.32"
  resolved "https://registry.npmjs.org/@vue/compiler-core/-/compiler-core-3.5.32.tgz"
  integrity sha512-4x74Tbtqnda8s/NSD6e1Dr5p1c8HdMU5RWSjMSUzb8RTcUQqevDCxVAitcLBKT+ie3o0Dl9crc/S/opJM7qBGQ==
  dependencies:
    "@babel/parser" "^7.29.2"
    "@vue/shared" "3.5.32"
    entities "^7.0.1"
    estree-walker "^2.0.2"
    source-map-js "^1.2.1"

"@vue/compiler-dom@^3.5.0", "@vue/compiler-dom@3.5.32":
  version "3.5.32"
  resolved "https://registry.npmjs.org/@vue/compiler-dom/-/compiler-dom-3.5.32.tgz"
  integrity sha512-ybHAu70NtiEI1fvAUz3oXZqkUYEe5J98GjMDpTGl5iHb0T15wQYLR4wE3h9xfuTNA+Cm2f4czfe8B4s+CCH57Q==
  dependencies:
    "@vue/compiler-core" "3.5.32"
    "@vue/shared" "3.5.32"

"@vue/compiler-sfc@3.5.32":
  version "3.5.32"
  resolved "https://registry.npmjs.org/@vue/compiler-sfc/-/compiler-sfc-3.5.32.tgz"
  integrity sha512-8UYUYo71cP/0YHMO814TRZlPuUUw3oifHuMR7Wp9SNoRSrxRQnhMLNlCeaODNn6kNTJsjFoQ/kqIj4qGvya4Xg==
  dependencies:
    "@babel/parser" "^7.29.2"
    "@vue/compiler-core" "3.5.32"
    "@vue/compiler-dom" "3.5.32"
    "@vue/compiler-ssr" "3.5.32"
    "@vue/shared" "3.5.32"
    estree-walker "^2.0.2"
    magic-string "^0.30.21"
    postcss "^8.5.8"
    source-map-js "^1.2.1"

"@vue/compiler-ssr@3.5.32":
  version "3.5.32"
  resolved "https://registry.npmjs.org/@vue/compiler-ssr/-/compiler-ssr-3.5.32.tgz"
  integrity sha512-Gp4gTs22T3DgRotZ8aA/6m2jMR+GMztvBXUBEUOYOcST+giyGWJ4WvFd7QLHBkzTxkfOt8IELKNdpzITLbA2rw==
  dependencies:
    "@vue/compiler-dom" "3.5.32"
    "@vue/shared" "3.5.32"

"@vue/devtools-api@^6.6.4":
  version "6.6.4"
  resolved "https://registry.npmjs.org/@vue/devtools-api/-/devtools-api-6.6.4.tgz"
  integrity sha512-sGhTPMuXqZ1rVOk32RylztWkfXTRhuS7vgAKv0zjqk8gbsHkJ7xfFf+jbySxt7tWObEJwyKaHMikV/WGDiQm8g==

"@vue/devtools-api@^7.7.7":
  version "7.7.9"
  resolved "https://registry.npmjs.org/@vue/devtools-api/-/devtools-api-7.7.9.tgz"
  integrity sha512-kIE8wvwlcZ6TJTbNeU2HQNtaxLx3a84aotTITUuL/4bzfPxzajGBOoqjMhwZJ8L9qFYDU/lAYMEEm11dnZOD6g==
  dependencies:
    "@vue/devtools-kit" "^7.7.9"

"@vue/devtools-kit@^7.7.9":
  version "7.7.9"
  resolved "https://registry.npmjs.org/@vue/devtools-kit/-/devtools-kit-7.7.9.tgz"
  integrity sha512-PyQ6odHSgiDVd4hnTP+aDk2X4gl2HmLDfiyEnn3/oV+ckFDuswRs4IbBT7vacMuGdwY/XemxBoh302ctbsptuA==
  dependencies:
    "@vue/devtools-shared" "^7.7.9"
    birpc "^2.3.0"
    hookable "^5.5.3"
    mitt "^3.0.1"
    perfect-debounce "^1.0.0"
    speakingurl "^14.0.1"
    superjson "^2.2.2"

"@vue/devtools-shared@^7.7.9":
  version "7.7.9"
  resolved "https://registry.npmjs.org/@vue/devtools-shared/-/devtools-shared-7.7.9.tgz"
  integrity sha512-iWAb0v2WYf0QWmxCGy0seZNDPdO3Sp5+u78ORnyeonS6MT4PC7VPrryX2BpMJrwlDeaZ6BD4vP4XKjK0SZqaeA==
  dependencies:
    rfdc "^1.4.1"

"@vue/language-core@3.2.6":
  version "3.2.6"
  resolved "https://registry.npmjs.org/@vue/language-core/-/language-core-3.2.6.tgz"
  integrity sha512-xYYYX3/aVup576tP/23sEUpgiEnujrENaoNRbaozC1/MA9I6EGFQRJb4xrt/MmUCAGlxTKL2RmT8JLTPqagCkg==
  dependencies:
    "@volar/language-core" "2.4.28"
    "@vue/compiler-dom" "^3.5.0"
    "@vue/shared" "^3.5.0"
    alien-signals "^3.0.0"
    muggle-string "^0.4.1"
    path-browserify "^1.0.1"
    picomatch "^4.0.2"

"@vue/reactivity@3.5.32":
  version "3.5.32"
  resolved "https://registry.npmjs.org/@vue/reactivity/-/reactivity-3.5.32.tgz"
  integrity sha512-/ORasxSGvZ6MN5gc+uE364SxFdJ0+WqVG0CENXaGW58TOCdrAW76WWaplDtECeS1qphvtBZtR+3/o1g1zL4xPQ==
  dependencies:
    "@vue/shared" "3.5.32"

"@vue/runtime-core@3.5.32":
  version "3.5.32"
  resolved "https://registry.npmjs.org/@vue/runtime-core/-/runtime-core-3.5.32.tgz"
  integrity sha512-pDrXCejn4UpFDFmMd27AcJEbHaLemaE5o4pbb7sLk79SRIhc6/t34BQA7SGNgYtbMnvbF/HHOftYBgFJtUoJUQ==
  dependencies:
    "@vue/reactivity" "3.5.32"
    "@vue/shared" "3.5.32"

"@vue/runtime-dom@3.5.32":
  version "3.5.32"
  resolved "https://registry.npmjs.org/@vue/runtime-dom/-/runtime-dom-3.5.32.tgz"
  integrity sha512-1CDVv7tv/IV13V8Nip1k/aaObVbWqRlVCVezTwx3K07p7Vxossp5JU1dcPNhJk3w347gonIUT9jQOGutyJrSVQ==
  dependencies:
    "@vue/reactivity" "3.5.32"
    "@vue/runtime-core" "3.5.32"
    "@vue/shared" "3.5.32"
    csstype "^3.2.3"

"@vue/server-renderer@3.5.32":
  version "3.5.32"
  resolved "https://registry.npmjs.org/@vue/server-renderer/-/server-renderer-3.5.32.tgz"
  integrity sha512-IOjm2+JQwRFS7W28HNuJeXQle9KdZbODFY7hFGVtnnghF51ta20EWAZJHX+zLGtsHhaU6uC9BGPV52KVpYryMQ==
  dependencies:
    "@vue/compiler-ssr" "3.5.32"
    "@vue/shared" "3.5.32"

"@vue/shared@^3.5.0", "@vue/shared@3.5.32":
  version "3.5.32"
  resolved "https://registry.npmjs.org/@vue/shared/-/shared-3.5.32.tgz"
  integrity sha512-ksNyrmRQzWJJ8n3cRDuSF7zNNontuJg1YHnmWRJd2AMu8Ij2bqwiiri2lH5rHtYPZjj4STkNcgcmiQqlOjiYGg==

"@vue/test-utils@^2.4.6":
  version "2.4.6"
  resolved "https://registry.npmjs.org/@vue/test-utils/-/test-utils-2.4.6.tgz"
  integrity sha512-FMxEjOpYNYiFe0GkaHsnJPXFHxQ6m4t8vI/ElPGpMWxZKpmRvQ33OIrvRXemy6yha03RxhOlQuy+gZMC3CQSow==
  dependencies:
    js-beautify "^1.14.9"
    vue-component-type-helpers "^2.0.0"

"@vue/tsconfig@^0.9.0":
  version "0.9.1"
  resolved "https://registry.npmjs.org/@vue/tsconfig/-/tsconfig-0.9.1.tgz"
  integrity sha512-buvjm+9NzLCJL29KY1j1991YYJ5e6275OiK+G4jtmfIb+z4POywbdm0wXusT9adVWqe0xqg70TbI7+mRx4uU9w==

abbrev@^2.0.0:
  version "2.0.0"

alien-signals@^3.0.0:
  version "3.1.2"
  resolved "https://registry.npmjs.org/alien-signals/-/alien-signals-3.1.2.tgz"
  integrity sha512-d9dYqZTS90WLiU0I5c6DHj/HcKkF8ZyGN3G5x8wSbslulz70KOxaqCT0hQCo9KOyhVqzqGojvNdJXoTumZOtcw==

ansi-regex@^5.0.1:
  version "5.0.1"

ansi-regex@^6.2.2:
  version "6.2.2"

ansi-styles@^4.0.0:
  version "4.3.0"
  dependencies:
    color-convert "^2.0.1"

ansi-styles@^6.1.0:
  version "6.2.3"

assertion-error@^2.0.1:
  version "2.0.1"

ast-v8-to-istanbul@^1.0.0:
  version "1.0.0"
  dependencies:
    "@jridgewell/trace-mapping" "^0.3.31"
    estree-walker "^3.0.3"
    js-tokens "^10.0.0"

balanced-match@^1.0.0:
  version "1.0.2"

bidi-js@^1.0.3:
  version "1.0.3"
  dependencies:
    require-from-string "^2.0.2"

birpc@^2.3.0:
  version "2.9.0"
  resolved "https://registry.npmjs.org/birpc/-/birpc-2.9.0.tgz"
  integrity sha512-KrayHS5pBi69Xi9JmvoqrIgYGDkD6mcSe/i6YKi3w5kekCLzrX4+nawcXqrj2tIp50Kw/mT/s3p+GVK0A0sKxw==

brace-expansion@^2.0.2:
  version "2.0.3"
  dependencies:
    balanced-match "^1.0.0"

chai@^6.2.2:
  version "6.2.2"

color-convert@^2.0.1:
  version "2.0.1"
  dependencies:
    color-name "~1.1.4"

color-name@~1.1.4:
  version "1.1.4"

commander@^10.0.0:
  version "10.0.1"

config-chain@^1.1.13:
  version "1.1.13"
  dependencies:
    ini "^1.3.4"
    proto-list "~1.2.1"

convert-source-map@^2.0.0:
  version "2.0.0"

copy-anything@^4:
  version "4.0.5"
  resolved "https://registry.npmjs.org/copy-anything/-/copy-anything-4.0.5.tgz"
  integrity sha512-7Vv6asjS4gMOuILabD3l739tsaxFQmC+a7pLZm02zyvs8p977bL3zEgq3yDk5rn9B0PbYgIv++jmHcuUab4RhA==
  dependencies:
    is-what "^5.2.0"

cross-spawn@^7.0.6:
  version "7.0.6"
  dependencies:
    path-key "^3.1.0"
    shebang-command "^2.0.0"
    which "^2.0.1"

css-tree@^3.0.0, css-tree@^3.2.1:
  version "3.2.1"
  dependencies:
    mdn-data "2.27.1"
    source-map-js "^1.2.1"

csstype@^3.2.3:
  version "3.2.3"
  resolved "https://registry.npmjs.org/csstype/-/csstype-3.2.3.tgz"
  integrity sha512-z1HGKcYy2xA8AGQfwrn0PAy+PB7X/GSj3UVJW9qKyn43xWa+gl5nXmU4qqLMRzWVLFC8KusUX8T/0kCiOYpAIQ==

data-urls@^7.0.0:
  version "7.0.0"
  dependencies:
    whatwg-mimetype "^5.0.0"
    whatwg-url "^16.0.0"

decimal.js@^10.6.0:
  version "10.6.0"

detect-libc@^2.0.3:
  version "2.1.2"
  resolved "https://registry.npmjs.org/detect-libc/-/detect-libc-2.1.2.tgz"
  integrity sha512-Btj2BOOO83o3WyH59e8MgXsxEQVcarkUOpEYrubB0urwnN10yQ364rsiByU11nZlqWYZm05i/of7io4mzihBtQ==

eastasianwidth@^0.2.0:
  version "0.2.0"

editorconfig@^1.0.4:
  version "1.0.7"
  dependencies:
    "@one-ini/wasm" "0.1.1"
    commander "^10.0.0"
    minimatch "^9.0.1"
    semver "^7.5.3"

emoji-regex@^8.0.0:
  version "8.0.0"

emoji-regex@^9.2.2:
  version "9.2.2"

entities@^6.0.0:
  version "6.0.1"

entities@^7.0.1:
  version "7.0.1"
  resolved "https://registry.npmjs.org/entities/-/entities-7.0.1.tgz"
  integrity sha512-TWrgLOFUQTH994YUyl1yT4uyavY5nNB5muff+RtWaqNVCAK408b5ZnnbNAUEWLTCpum9w6arT70i1XdQ4UeOPA==

es-module-lexer@^2.0.0:
  version "2.0.0"

estree-walker@^2.0.2:
  version "2.0.2"
  resolved "https://registry.npmjs.org/estree-walker/-/estree-walker-2.0.2.tgz"
  integrity sha512-Rfkk/Mp/DL7JVje3u18FxFujQlTNR2q6QfMSMB7AvCBx91NGj/ba3kCfza0f6dVDbw7YlRf/nDrn7pQrCCyQ/w==

estree-walker@^3.0.3:
  version "3.0.3"
  dependencies:
    "@types/estree" "^1.0.0"

expect-type@^1.3.0:
  version "1.3.0"

fdir@^6.5.0:
  version "6.5.0"
  resolved "https://registry.npmjs.org/fdir/-/fdir-6.5.0.tgz"
  integrity sha512-tIbYtZbucOs0BRGqPJkshJUYdL+SDH7dVM8gjy+ERp3WAUjLEFJE+02kanyHtwjWOnwrKYBiwAmM0p4kLJAnXg==

foreground-child@^3.1.0:
  version "3.3.1"
  dependencies:
    cross-spawn "^7.0.6"
    signal-exit "^4.0.1"

glob@^10.4.2:
  version "10.5.0"
  dependencies:
    foreground-child "^3.1.0"
    jackspeak "^3.1.2"
    minimatch "^9.0.4"
    minipass "^7.1.2"
    package-json-from-dist "^1.0.0"
    path-scurry "^1.11.1"

has-flag@^4.0.0:
  version "4.0.0"

hookable@^5.5.3:
  version "5.5.3"
  resolved "https://registry.npmjs.org/hookable/-/hookable-5.5.3.tgz"
  integrity sha512-Yc+BQe8SvoXH1643Qez1zqLRmbA5rCL+sSmk6TVos0LWVfNIB7PGncdlId77WzLGSIB5KaWgTaNTs2lNVEI6VQ==

html-encoding-sniffer@^6.0.0:
  version "6.0.0"
  dependencies:
    "@exodus/bytes" "^1.6.0"

html-escaper@^2.0.0:
  version "2.0.2"

ini@^1.3.4:
  version "1.3.8"

is-fullwidth-code-point@^3.0.0:
  version "3.0.0"

is-potential-custom-element-name@^1.0.1:
  version "1.0.1"

is-what@^5.2.0:
  version "5.5.0"
  resolved "https://registry.npmjs.org/is-what/-/is-what-5.5.0.tgz"
  integrity sha512-oG7cgbmg5kLYae2N5IVd3jm2s+vldjxJzK1pcu9LfpGuQ93MQSzo0okvRna+7y5ifrD+20FE8FvjusyGaz14fw==

isexe@^2.0.0:
  version "2.0.0"

istanbul-lib-coverage@^3.0.0, istanbul-lib-coverage@^3.2.2:
  version "3.2.2"

istanbul-lib-report@^3.0.0, istanbul-lib-report@^3.0.1:
  version "3.0.1"
  dependencies:
    istanbul-lib-coverage "^3.0.0"
    make-dir "^4.0.0"
    supports-color "^7.1.0"

istanbul-reports@^3.2.0:
  version "3.2.0"
  dependencies:
    html-escaper "^2.0.0"
    istanbul-lib-report "^3.0.0"

jackspeak@^3.1.2:
  version "3.4.3"
  dependencies:
    "@isaacs/cliui" "^8.0.2"
  optionalDependencies:
    "@pkgjs/parseargs" "^0.11.0"

js-beautify@^1.14.9:
  version "1.15.4"
  dependencies:
    config-chain "^1.1.13"
    editorconfig "^1.0.4"
    glob "^10.4.2"
    js-cookie "^3.0.5"
    nopt "^7.2.1"

js-cookie@^3.0.5:
  version "3.0.5"

js-tokens@^10.0.0:
  version "10.0.0"

jsdom@^29.0.2:
  version "29.0.2"
  resolved "https://registry.npmjs.org/jsdom/-/jsdom-29.0.2.tgz"
  integrity sha512-9VnGEBosc/ZpwyOsJBCQ/3I5p7Q5ngOY14a9bf5btenAORmZfDse1ZEheMiWcJ3h81+Fv7HmJFdS0szo/waF2w==
  dependencies:
    "@asamuzakjp/css-color" "^5.1.5"
    "@asamuzakjp/dom-selector" "^7.0.6"
    "@bramus/specificity" "^2.4.2"
    "@csstools/css-syntax-patches-for-csstree" "^1.1.1"
    "@exodus/bytes" "^1.15.0"
    css-tree "^3.2.1"
    data-urls "^7.0.0"
    decimal.js "^10.6.0"
    html-encoding-sniffer "^6.0.0"
    is-potential-custom-element-name "^1.0.1"
    lru-cache "^11.2.7"
    parse5 "^8.0.0"
    saxes "^6.0.0"
    symbol-tree "^3.2.4"
    tough-cookie "^6.0.1"
    undici "^7.24.5"
    w3c-xmlserializer "^5.0.0"
    webidl-conversions "^8.0.1"
    whatwg-mimetype "^5.0.0"
    whatwg-url "^16.0.1"
    xml-name-validator "^5.0.0"

lightningcss-win32-x64-msvc@1.32.0:
  version "1.32.0"
  resolved "https://registry.npmjs.org/lightningcss-win32-x64-msvc/-/lightningcss-win32-x64-msvc-1.32.0.tgz"
  integrity sha512-Amq9B/SoZYdDi1kFrojnoqPLxYhQ4Wo5XiL8EVJrVsB8ARoC1PWW6VGtT0WKCemjy8aC+louJnjS7U18x3b06Q==

lightningcss@^1.32.0:
  version "1.32.0"
  resolved "https://registry.npmjs.org/lightningcss/-/lightningcss-1.32.0.tgz"
  integrity sha512-NXYBzinNrblfraPGyrbPoD19C1h9lfI/1mzgWYvXUTe414Gz/X1FD2XBZSZM7rRTrMA8JL3OtAaGifrIKhQ5yQ==
  dependencies:
    detect-libc "^2.0.3"
  optionalDependencies:
    lightningcss-android-arm64 "1.32.0"
    lightningcss-darwin-arm64 "1.32.0"
    lightningcss-darwin-x64 "1.32.0"
    lightningcss-freebsd-x64 "1.32.0"
    lightningcss-linux-arm-gnueabihf "1.32.0"
    lightningcss-linux-arm64-gnu "1.32.0"
    lightningcss-linux-arm64-musl "1.32.0"
    lightningcss-linux-x64-gnu "1.32.0"
    lightningcss-linux-x64-musl "1.32.0"
    lightningcss-win32-arm64-msvc "1.32.0"
    lightningcss-win32-x64-msvc "1.32.0"

lru-cache@^10.2.0:
  version "10.4.3"

lru-cache@^11.2.7:
  version "11.3.3"

magic-string@^0.30.21:
  version "0.30.21"
  resolved "https://registry.npmjs.org/magic-string/-/magic-string-0.30.21.tgz"
  integrity sha512-vd2F4YUyEXKGcLHoq+TEyCjxueSeHnFxyyjNp80yg0XV4vUhnDer/lvvlqM/arB5bXQN5K2/3oinyCRyx8T2CQ==
  dependencies:
    "@jridgewell/sourcemap-codec" "^1.5.5"

magicast@^0.5.2:
  version "0.5.2"
  dependencies:
    "@babel/parser" "^7.29.0"
    "@babel/types" "^7.29.0"
    source-map-js "^1.2.1"

make-dir@^4.0.0:
  version "4.0.0"
  dependencies:
    semver "^7.5.3"

mdn-data@2.27.1:
  version "2.27.1"

minimatch@^9.0.1, minimatch@^9.0.4:
  version "9.0.9"
  dependencies:
    brace-expansion "^2.0.2"

"minipass@^5.0.0 || ^6.0.2 || ^7.0.0", minipass@^7.1.2:
  version "7.1.3"

mitt@^3.0.1:
  version "3.0.1"
  resolved "https://registry.npmjs.org/mitt/-/mitt-3.0.1.tgz"
  integrity sha512-vKivATfr97l2/QBCYAkXYDbrIWPM2IIKEl7YPhjCvKlG3kE2gm+uBo6nEXK3M5/Ffh/FLpKExzOQ3JJoJGFKBw==

muggle-string@^0.4.1:
  version "0.4.1"
  resolved "https://registry.npmjs.org/muggle-string/-/muggle-string-0.4.1.tgz"
  integrity sha512-VNTrAak/KhO2i8dqqnqnAHOa3cYBwXEZe9h+D5h/1ZqFSTEFHdM65lR7RoIqq3tBBYavsOXV84NoHXZ0AkPyqQ==

nanoid@^3.3.11:
  version "3.3.11"
  resolved "https://registry.npmjs.org/nanoid/-/nanoid-3.3.11.tgz"
  integrity sha512-N8SpfPUnUp1bK+PMYW8qSWdl9U+wwNWI4QKxOYDy9JAro3WMX7p2OeVRF9v+347pnakNevPmiHhNmZ2HbFA76w==

nopt@^7.2.1:
  version "7.2.1"
  dependencies:
    abbrev "^2.0.0"

obug@^2.1.1:
  version "2.1.1"

package-json-from-dist@^1.0.0:
  version "1.0.1"

parse5@^8.0.0:
  version "8.0.0"
  dependencies:
    entities "^6.0.0"

path-browserify@^1.0.1:
  version "1.0.1"
  resolved "https://registry.npmjs.org/path-browserify/-/path-browserify-1.0.1.tgz"
  integrity sha512-b7uo2UCUOYZcnF/3ID0lulOJi/bafxa1xPe7ZPsammBSpjSWQkjNxlt635YGS2MiR9GjvuXCtz2emr3jbsz98g==

path-key@^3.1.0:
  version "3.1.1"

path-scurry@^1.11.1:
  version "1.11.1"
  dependencies:
    lru-cache "^10.2.0"
    minipass "^5.0.0 || ^6.0.2 || ^7.0.0"

pathe@^2.0.3:
  version "2.0.3"

perfect-debounce@^1.0.0:
  version "1.0.0"
  resolved "https://registry.npmjs.org/perfect-debounce/-/perfect-debounce-1.0.0.tgz"
  integrity sha512-xCy9V055GLEqoFaHoC1SoLIaLmWctgCUaBaWxDZ7/Zx4CTyX7cJQLJOok/orfjZAh9kEYpjJa4d0KcJmCbctZA==

picocolors@^1.1.1:
  version "1.1.1"
  resolved "https://registry.npmjs.org/picocolors/-/picocolors-1.1.1.tgz"
  integrity sha512-xceH2snhtb5M9liqDsmEw56le376mTZkEX/jEb/RxNFyegNul7eNslCXP9FDj/Lcu0X8KEyMceP2ntpaHrDEVA==

picomatch@^4.0.2, picomatch@^4.0.3, picomatch@^4.0.4:
  version "4.0.4"
  resolved "https://registry.npmjs.org/picomatch/-/picomatch-4.0.4.tgz"
  integrity sha512-QP88BAKvMam/3NxH6vj2o21R6MjxZUAd6nlwAS/pnGvN9IVLocLHxGYIzFhg6fUQ+5th6P4dv4eW9jX3DSIj7A==

pinia@^3.0.4:
  version "3.0.4"
  resolved "https://registry.npmjs.org/pinia/-/pinia-3.0.4.tgz"
  integrity sha512-l7pqLUFTI/+ESXn6k3nu30ZIzW5E2WZF/LaHJEpoq6ElcLD+wduZoB2kBN19du6K/4FDpPMazY2wJr+IndBtQw==
  dependencies:
    "@vue/devtools-api" "^7.7.7"

postcss@^8.5.8:
  version "8.5.8"
  resolved "https://registry.npmjs.org/postcss/-/postcss-8.5.8.tgz"
  integrity sha512-OW/rX8O/jXnm82Ey1k44pObPtdblfiuWnrd8X7GJ7emImCOstunGbXUpp7HdBrFQX6rJzn3sPT397Wp5aCwCHg==
  dependencies:
    nanoid "^3.3.11"
    picocolors "^1.1.1"
    source-map-js "^1.2.1"

proto-list@~1.2.1:
  version "1.2.4"

punycode@^2.3.1:
  version "2.3.1"

require-from-string@^2.0.2:
  version "2.0.2"

rfdc@^1.4.1:
  version "1.4.1"
  resolved "https://registry.npmjs.org/rfdc/-/rfdc-1.4.1.tgz"
  integrity sha512-q1b3N5QkRUWUl7iyylaaj3kOpIT0N2i9MqIEQXP73GVsN9cw3fdx8X63cEmWhJGi2PPCF23Ijp7ktmd39rawIA==

rolldown@1.0.0-rc.12:
  version "1.0.0-rc.12"
  resolved "https://registry.npmjs.org/rolldown/-/rolldown-1.0.0-rc.12.tgz"
  integrity sha512-yP4USLIMYrwpPHEFB5JGH1uxhcslv6/hL0OyvTuY+3qlOSJvZ7ntYnoWpehBxufkgN0cvXxppuTu5hHa/zPh+A==
  dependencies:
    "@oxc-project/types" "=0.122.0"
    "@rolldown/pluginutils" "1.0.0-rc.12"
  optionalDependencies:
    "@rolldown/binding-android-arm64" "1.0.0-rc.12"
    "@rolldown/binding-darwin-arm64" "1.0.0-rc.12"
    "@rolldown/binding-darwin-x64" "1.0.0-rc.12"
    "@rolldown/binding-freebsd-x64" "1.0.0-rc.12"
    "@rolldown/binding-linux-arm-gnueabihf" "1.0.0-rc.12"
    "@rolldown/binding-linux-arm64-gnu" "1.0.0-rc.12"
    "@rolldown/binding-linux-arm64-musl" "1.0.0-rc.12"
    "@rolldown/binding-linux-ppc64-gnu" "1.0.0-rc.12"
    "@rolldown/binding-linux-s390x-gnu" "1.0.0-rc.12"
    "@rolldown/binding-linux-x64-gnu" "1.0.0-rc.12"
    "@rolldown/binding-linux-x64-musl" "1.0.0-rc.12"
    "@rolldown/binding-openharmony-arm64" "1.0.0-rc.12"
    "@rolldown/binding-wasm32-wasi" "1.0.0-rc.12"
    "@rolldown/binding-win32-arm64-msvc" "1.0.0-rc.12"
    "@rolldown/binding-win32-x64-msvc" "1.0.0-rc.12"

saxes@^6.0.0:
  version "6.0.0"
  dependencies:
    xmlchars "^2.2.0"

semver@^7.5.3:
  version "7.7.4"

shebang-command@^2.0.0:
  version "2.0.0"
  dependencies:
    shebang-regex "^3.0.0"

shebang-regex@^3.0.0:
  version "3.0.0"

siginfo@^2.0.0:
  version "2.0.0"

signal-exit@^4.0.1:
  version "4.1.0"

source-map-js@^1.2.1:
  version "1.2.1"
  resolved "https://registry.npmjs.org/source-map-js/-/source-map-js-1.2.1.tgz"
  integrity sha512-UXWMKhLOwVKb728IUtQPXxfYU+usdybtUrK/8uGE8CQMvrhOpwvzDBwj0QhSL7MQc7vIsISBG8VQ8+IDQxpfQA==

speakingurl@^14.0.1:
  version "14.0.1"
  resolved "https://registry.npmjs.org/speakingurl/-/speakingurl-14.0.1.tgz"
  integrity sha512-1POYv7uv2gXoyGFpBCmpDVSNV74IfsWlDW216UPjbWufNf+bSU6GdbDsxdcxtfwb4xlI3yxzOTKClUosxARYrQ==

stackback@0.0.2:
  version "0.0.2"

std-env@^4.0.0-rc.1:
  version "4.0.0"

"string-width-cjs@npm:string-width@^4.2.0":
  version "4.2.3"
  dependencies:
    emoji-regex "^8.0.0"
    is-fullwidth-code-point "^3.0.0"
    strip-ansi "^6.0.1"

string-width@^4.1.0:
  version "4.2.3"
  dependencies:
    emoji-regex "^8.0.0"
    is-fullwidth-code-point "^3.0.0"
    strip-ansi "^6.0.1"

string-width@^5.0.1, string-width@^5.1.2:
  version "5.1.2"
  dependencies:
    eastasianwidth "^0.2.0"
    emoji-regex "^9.2.2"
    strip-ansi "^7.0.1"

"strip-ansi-cjs@npm:strip-ansi@^6.0.1":
  version "6.0.1"
  dependencies:
    ansi-regex "^5.0.1"

strip-ansi@^6.0.0, strip-ansi@^6.0.1:
  version "6.0.1"
  dependencies:
    ansi-regex "^5.0.1"

strip-ansi@^7.0.1:
  version "7.2.0"
  dependencies:
    ansi-regex "^6.2.2"

superjson@^2.2.2:
  version "2.2.6"
  resolved "https://registry.npmjs.org/superjson/-/superjson-2.2.6.tgz"
  integrity sha512-H+ue8Zo4vJmV2nRjpx86P35lzwDT3nItnIsocgumgr0hHMQ+ZGq5vrERg9kJBo5AWGmxZDhzDo+WVIJqkB0cGA==
  dependencies:
    copy-anything "^4"

supports-color@^7.1.0:
  version "7.2.0"
  dependencies:
    has-flag "^4.0.0"

symbol-tree@^3.2.4:
  version "3.2.4"

tinybench@^2.9.0:
  version "2.9.0"

tinyexec@^1.0.2:
  version "1.1.1"

tinyglobby@^0.2.15:
  version "0.2.15"
  resolved "https://registry.npmjs.org/tinyglobby/-/tinyglobby-0.2.15.tgz"
  integrity sha512-j2Zq4NyQYG5XMST4cbs02Ak8iJUdxRM0XI5QyxXuZOzKOINmWurp3smXu3y5wDcJrptwpSjgXHzIQxR0omXljQ==
  dependencies:
    fdir "^6.5.0"
    picomatch "^4.0.3"

tinyrainbow@^3.1.0:
  version "3.1.0"

tldts-core@^7.0.28:
  version "7.0.28"

tldts@^7.0.5:
  version "7.0.28"
  dependencies:
    tldts-core "^7.0.28"

tough-cookie@^6.0.1:
  version "6.0.1"
  dependencies:
    tldts "^7.0.5"

tr46@^6.0.0:
  version "6.0.0"
  dependencies:
    punycode "^2.3.1"

typescript@~5.9.3:
  version "5.9.3"
  resolved "https://registry.npmjs.org/typescript/-/typescript-5.9.3.tgz"
  integrity sha512-jl1vZzPDinLr9eUt3J/t7V6FgNEw9QjvBPdysz9KfQDD41fQrC2Y4vKQdiaUpFT4bXlb1RHhLpp8wtm6M5TgSw==

undici-types@~7.16.0:
  version "7.16.0"
  resolved "https://registry.npmjs.org/undici-types/-/undici-types-7.16.0.tgz"
  integrity sha512-Zz+aZWSj8LE6zoxD+xrjh4VfkIG8Ya6LvYkZqtUQGJPZjYl53ypCaUwWqo7eI0x66KBGeRo+mlBEkMSeSZ38Nw==

undici@^7.24.5:
  version "7.24.7"

"vite@^6.0.0 || ^7.0.0 || ^8.0.0", vite@^8.0.1:
  version "8.0.3"
  resolved "https://registry.npmjs.org/vite/-/vite-8.0.3.tgz"
  integrity sha512-B9ifbFudT1TFhfltfaIPgjo9Z3mDynBTJSUYxTjOQruf/zHH+ezCQKcoqO+h7a9Pw9Nm/OtlXAiGT1axBgwqrQ==
  dependencies:
    lightningcss "^1.32.0"
    picomatch "^4.0.4"
    postcss "^8.5.8"
    rolldown "1.0.0-rc.12"
    tinyglobby "^0.2.15"
  optionalDependencies:
    fsevents "~2.3.3"

vitest@^4.1.4:
  version "4.1.4"
  resolved "https://registry.npmjs.org/vitest/-/vitest-4.1.4.tgz"
  integrity sha512-tFuJqTxKb8AvfyqMfnavXdzfy3h3sWZRWwfluGbkeR7n0HUev+FmNgZ8SDrRBTVrVCjgH5cA21qGbCffMNtWvg==
  dependencies:
    "@vitest/expect" "4.1.4"
    "@vitest/mocker" "4.1.4"
    "@vitest/pretty-format" "4.1.4"
    "@vitest/runner" "4.1.4"
    "@vitest/snapshot" "4.1.4"
    "@vitest/spy" "4.1.4"
    "@vitest/utils" "4.1.4"
    es-module-lexer "^2.0.0"
    expect-type "^1.3.0"
    magic-string "^0.30.21"
    obug "^2.1.1"
    pathe "^2.0.3"
    picomatch "^4.0.3"
    std-env "^4.0.0-rc.1"
    tinybench "^2.9.0"
    tinyexec "^1.0.2"
    tinyglobby "^0.2.15"
    tinyrainbow "^3.1.0"
    vite "^6.0.0 || ^7.0.0 || ^8.0.0"
    why-is-node-running "^2.3.0"

vscode-uri@^3.0.8:
  version "3.1.0"
  resolved "https://registry.npmjs.org/vscode-uri/-/vscode-uri-3.1.0.tgz"
  integrity sha512-/BpdSx+yCQGnCvecbyXdxHDkuk55/G3xwnC0GqY4gmQ3j+A+g8kzzgB4Nk/SINjqn6+waqw3EgbVF2QKExkRxQ==

vue-component-type-helpers@^2.0.0:
  version "2.2.12"

vue-router@4:
  version "4.6.4"
  resolved "https://registry.npmjs.org/vue-router/-/vue-router-4.6.4.tgz"
  integrity sha512-Hz9q5sa33Yhduglwz6g9skT8OBPii+4bFn88w6J+J4MfEo4KRRpmiNG/hHHkdbRFlLBOqxN8y8gf2Fb0MTUgVg==
  dependencies:
    "@vue/devtools-api" "^6.6.4"

vue-tsc@^3.2.5:
  version "3.2.6"
  resolved "https://registry.npmjs.org/vue-tsc/-/vue-tsc-3.2.6.tgz"
  integrity sha512-gYW/kWI0XrwGzd0PKc7tVB/qpdeAkIZLNZb10/InizkQjHjnT8weZ/vBarZoj4kHKbUTZT/bAVgoOr8x4NsQ/Q==
  dependencies:
    "@volar/typescript" "2.4.28"
    "@vue/language-core" "3.2.6"

vue@^3.5.30:
  version "3.5.32"
  resolved "https://registry.npmjs.org/vue/-/vue-3.5.32.tgz"
  integrity sha512-vM4z4Q9tTafVfMAK7IVzmxg34rSzTFMyIe0UUEijUCkn9+23lj0WRfA83dg7eQZIUlgOSGrkViIaCfqSAUXsMw==
  dependencies:
    "@vue/compiler-dom" "3.5.32"
    "@vue/compiler-sfc" "3.5.32"
    "@vue/runtime-dom" "3.5.32"
    "@vue/server-renderer" "3.5.32"
    "@vue/shared" "3.5.32"

w3c-xmlserializer@^5.0.0:
  version "5.0.0"
  dependencies:
    xml-name-validator "^5.0.0"

webidl-conversions@^8.0.1:
  version "8.0.1"

whatwg-mimetype@^5.0.0:
  version "5.0.0"

whatwg-url@^16.0.0, whatwg-url@^16.0.1:
  version "16.0.1"
  dependencies:
    "@exodus/bytes" "^1.11.0"
    tr46 "^6.0.0"
    webidl-conversions "^8.0.1"

which@^2.0.1:
  version "2.0.2"
  dependencies:
    isexe "^2.0.0"

why-is-node-running@^2.3.0:
  version "2.3.0"
  dependencies:
    siginfo "^2.0.0"
    stackback "0.0.2"

"wrap-ansi-cjs@npm:wrap-ansi@^7.0.0":
  version "7.0.0"
  dependencies:
    ansi-styles "^4.0.0"
    string-width "^4.1.0"
    strip-ansi "^6.0.0"

wrap-ansi@^8.1.0:
  version "8.1.0"
  dependencies:
    ansi-styles "^6.1.0"
    string-width "^5.0.1"
    strip-ansi "^7.0.1"

xml-name-validator@^5.0.0:
  version "5.0.0"

xmlchars@^2.2.0:
  version "2.2.0"
